
Microsoft Visual Studio Solution File, Format Version 11.00
# Visual Studio 2010
Project("{FAE04EC0-301F-11D3-BF4B-00C04F79EFBC}") = "Assembly-CSharp", "Assembly-CSharp.csproj", "{C999CE7E-F7E8-72B4-F8E9-3B3E05A45851}"
EndProject
Global
	GlobalSection(SolutionConfigurationPlatforms) = preSolution
		Debug|Any CPU = Debug|Any CPU
		Release|Any CPU = Release|Any CPU
	EndGlobalSection
	GlobalSection(ProjectConfigurationPlatforms) = postSolution
		{C999CE7E-F7E8-72B4-F8E9-3B3E05A45851}.Debug|Any CPU.ActiveCfg = Debug|Any CPU
		{C999CE7E-F7E8-72B4-F8E9-3B3E05A45851}.Debug|Any CPU.Build.0 = Debug|Any CPU
		{C999CE7E-F7E8-72B4-F8E9-3B3E05A45851}.Release|Any CPU.ActiveCfg = Release|Any CPU
		{C999CE7E-F7E8-72B4-F8E9-3B3E05A45851}.Release|Any CPU.Build.0 = Release|Any CPU
	EndGlobalSection
	GlobalSection(SolutionProperties) = preSolution
		HideSolutionNode = FALSE
	EndGlobalSection
EndGlobal
